
Microsoft Visual Studio Solution File, Format Version 12.00
# Visual Studio Version 17
VisualStudioVersion = 17.5.002.0
MinimumVisualStudioVersion = 10.0.40219.1
Project("{9A19103F-16F7-4668-BE54-9A1E7A4F7556}") = "BusinessTracking", "BusinessTracking\BusinessTracking.csproj", "{2FD46E3C-35D6-4263-9EE1-4E3744D9779D}"
EndProject
Global
	GlobalSection(SolutionConfigurationPlatforms) = preSolution
		Debug|Any CPU = Debug|Any CPU
		Release|Any CPU = Release|Any CPU
	EndGlobalSection
	GlobalSection(ProjectConfigurationPlatforms) = postSolution
		{2FD46E3C-35D6-4263-9EE1-4E3744D9779D}.Debug|Any CPU.ActiveCfg = Debug|Any CPU
		{2FD46E3C-35D6-4263-9EE1-4E3744D9779D}.Debug|Any CPU.Build.0 = Debug|Any CPU
		{2FD46E3C-35D6-4263-9EE1-4E3744D9779D}.Release|Any CPU.ActiveCfg = Release|Any CPU
		{2FD46E3C-35D6-4263-9EE1-4E3744D9779D}.Release|Any CPU.Build.0 = Release|Any CPU
	EndGlobalSection
	GlobalSection(SolutionProperties) = preSolution
		HideSolutionNode = FALSE
	EndGlobalSection
	GlobalSection(ExtensibilityGlobals) = postSolution
		SolutionGuid = {EA7F1505-EE38-43AC-8D38-51C2D0865249}
	EndGlobalSection
EndGlobal
